
Microsoft Visual Studio Solution File, Format Version 12.00
# Visual Studio Version 17
VisualStudioVersion = 17.6.33815.320
MinimumVisualStudioVersion = 10.0.40219.1
Project("{FAE04EC0-301F-11D3-BF4B-00C04F79EFBC}") = "SignalrProgressBar", "SignalrProgressBar\SignalrProgressBar.csproj", "{7C2A5D7D-420A-4144-A0D0-B1B386FB1C11}"
EndProject
Global
	GlobalSection(SolutionConfigurationPlatforms) = preSolution
		Debug|Any CPU = Debug|Any CPU
		Release|Any CPU = Release|Any CPU
	EndGlobalSection
	GlobalSection(ProjectConfigurationPlatforms) = postSolution
		{7C2A5D7D-420A-4144-A0D0-B1B386FB1C11}.Debug|Any CPU.ActiveCfg = Debug|Any CPU
		{7C2A5D7D-420A-4144-A0D0-B1B386FB1C11}.Debug|Any CPU.Build.0 = Debug|Any CPU
		{7C2A5D7D-420A-4144-A0D0-B1B386FB1C11}.Release|Any CPU.ActiveCfg = Release|Any CPU
		{7C2A5D7D-420A-4144-A0D0-B1B386FB1C11}.Release|Any CPU.Build.0 = Release|Any CPU
	EndGlobalSection
	GlobalSection(SolutionProperties) = preSolution
		HideSolutionNode = FALSE
	EndGlobalSection
	GlobalSection(ExtensibilityGlobals) = postSolution
		SolutionGuid = {A847A1BA-DFC8-48D3-9A5F-EE6A4B2A6540}
	EndGlobalSection
EndGlobal
